// !$*UTF8*$!
{
	archiveVersion = 1;
	classes = {
	};
	objectVersion = 46;
	objects = {

/* Begin PBXBuildFile section */
		301371BB179AFFBA00F2BFCE /* KeychainItemWrapper.m in Sources */ = {isa = PBXBuildFile; fileRef = 301371BA179AFFBA00F2BFCE /* KeychainItemWrapper.m */; };
		301371C0179B012B00F2BFCE /* BusinessCenter.m in Sources */ = {isa = PBXBuildFile; fileRef = 301371BF179B012B00F2BFCE /* BusinessCenter.m */; };
		301371D6179B05DB00F2BFCE /* Security.framework in Frameworks */ = {isa = PBXBuildFile; fileRef = 301371D5179B05DB00F2BFCE /* Security.framework */; };
		301371D9179B066200F2BFCE /* Utility.m in Sources */ = {isa = PBXBuildFile; fileRef = 301371D8179B066200F2BFCE /* Utility.m */; };
		301371E5179B34E700F2BFCE /* RegisterViewController.m in Sources */ = {isa = PBXBuildFile; fileRef = 301371E4179B34E700F2BFCE /* RegisterViewController.m */; };
		301371E9179B359900F2BFCE /* EXRegisterView.m in Sources */ = {isa = PBXBuildFile; fileRef = 301371E8179B359900F2BFCE /* EXRegisterView.m */; };
		301371EC179B35AF00F2BFCE /* EXLoginView.m in Sources */ = {isa = PBXBuildFile; fileRef = 301371EB179B35AF00F2BFCE /* EXLoginView.m */; };
		301371F0179B35CB00F2BFCE /* LoginViewController.m in Sources */ = {isa = PBXBuildFile; fileRef = 301371EF179B35CB00F2BFCE /* LoginViewController.m */; };
		301A74B41797C30600CCB95D /* CustomTabBarController.m in Sources */ = {isa = PBXBuildFile; fileRef = 301A74B31797C30600CCB95D /* CustomTabBarController.m */; };
		301A74BA1797C51700CCB95D /* KPStore.m in Sources */ = {isa = PBXBuildFile; fileRef = 301A74B71797C51700CCB95D /* KPStore.m */; };
		301A74BB1797C51700CCB95D /* NSManagedObject+ActiveRecord.m in Sources */ = {isa = PBXBuildFile; fileRef = 301A74B91797C51700CCB95D /* NSManagedObject+ActiveRecord.m */; };
		301A74BD1797C55700CCB95D /* CoreData.framework in Frameworks */ = {isa = PBXBuildFile; fileRef = 301A74BC1797C55700CCB95D /* CoreData.framework */; };
		301A74C01797D8E700CCB95D /* ExamDataModel.xcdatamodeld in Sources */ = {isa = PBXBuildFile; fileRef = 301A74BE1797D8E700CCB95D /* ExamDataModel.xcdatamodeld */; };
		301A74C41797E67600CCB95D /* Topic.m in Sources */ = {isa = PBXBuildFile; fileRef = 301A74C31797E67600CCB95D /* Topic.m */; };
		301A74C71797E67700CCB95D /* User.m in Sources */ = {isa = PBXBuildFile; fileRef = 301A74C61797E67700CCB95D /* User.m */; };
		301A74CA1797E67700CCB95D /* Paper.m in Sources */ = {isa = PBXBuildFile; fileRef = 301A74C91797E67700CCB95D /* Paper.m */; };
		301A74CF1797E7F200CCB95D /* PaperData.m in Sources */ = {isa = PBXBuildFile; fileRef = 301A74CE1797E7F200CCB95D /* PaperData.m */; };
		301A74D21797E80400CCB95D /* UserData.m in Sources */ = {isa = PBXBuildFile; fileRef = 301A74D11797E80400CCB95D /* UserData.m */; };
		301A74D51797E81500CCB95D /* TopicData.m in Sources */ = {isa = PBXBuildFile; fileRef = 301A74D41797E81500CCB95D /* TopicData.m */; };
		301A74D71797F02900CCB95D /* region.plist in Resources */ = {isa = PBXBuildFile; fileRef = 301A74D61797F02900CCB95D /* region.plist */; };
		301A74DD1797F72700CCB95D /* ExamViewController.m in Sources */ = {isa = PBXBuildFile; fileRef = 301A74DC1797F72700CCB95D /* ExamViewController.m */; };
		301A74E01797F75D00CCB95D /* WrongViewController.m in Sources */ = {isa = PBXBuildFile; fileRef = 301A74DF1797F75D00CCB95D /* WrongViewController.m */; };
		301A74E31797F78300CCB95D /* CollectViewController.m in Sources */ = {isa = PBXBuildFile; fileRef = 301A74E21797F78300CCB95D /* CollectViewController.m */; };
		301A74E61797F7AB00CCB95D /* MoreViewController.m in Sources */ = {isa = PBXBuildFile; fileRef = 301A74E51797F7AB00CCB95D /* MoreViewController.m */; };
		306570F517990B9100347AD1 /* DBManager.m in Sources */ = {isa = PBXBuildFile; fileRef = 306570F417990B9100347AD1 /* DBManager.m */; };
		306570FC1799159000347AD1 /* hangyeceshi-1.json in Resources */ = {isa = PBXBuildFile; fileRef = 306570FB1799159000347AD1 /* hangyeceshi-1.json */; };
		30BDBED71797C17A008F0578 /* UIKit.framework in Frameworks */ = {isa = PBXBuildFile; fileRef = 30BDBED61797C17A008F0578 /* UIKit.framework */; };
		30BDBED91797C17A008F0578 /* Foundation.framework in Frameworks */ = {isa = PBXBuildFile; fileRef = 30BDBED81797C17A008F0578 /* Foundation.framework */; };
		30BDBEDB1797C17A008F0578 /* CoreGraphics.framework in Frameworks */ = {isa = PBXBuildFile; fileRef = 30BDBEDA1797C17A008F0578 /* CoreGraphics.framework */; };
		30BDBEE11797C17A008F0578 /* InfoPlist.strings in Resources */ = {isa = PBXBuildFile; fileRef = 30BDBEDF1797C17A008F0578 /* InfoPlist.strings */; };
		30BDBEE31797C17A008F0578 /* main.m in Sources */ = {isa = PBXBuildFile; fileRef = 30BDBEE21797C17A008F0578 /* main.m */; };
		30BDBEE71797C17A008F0578 /* AppDelegate.m in Sources */ = {isa = PBXBuildFile; fileRef = 30BDBEE61797C17A008F0578 /* AppDelegate.m */; };
		30BDBEE91797C17A008F0578 /* Default.png in Resources */ = {isa = PBXBuildFile; fileRef = 30BDBEE81797C17A008F0578 /* Default.png */; };
		30BDBEEB1797C17A008F0578 /* Default@2x.png in Resources */ = {isa = PBXBuildFile; fileRef = 30BDBEEA1797C17A008F0578 /* Default@2x.png */; };
		30BDBEED1797C17A008F0578 /* Default-568h@2x.png in Resources */ = {isa = PBXBuildFile; fileRef = 30BDBEEC1797C17A008F0578 /* Default-568h@2x.png */; };
		30BDBEF01797C17A008F0578 /* ViewController.m in Sources */ = {isa = PBXBuildFile; fileRef = 30BDBEEF1797C17A008F0578 /* ViewController.m */; };
		30BDBEF31797C17A008F0578 /* ViewController.xib in Resources */ = {isa = PBXBuildFile; fileRef = 30BDBEF11797C17A008F0578 /* ViewController.xib */; };
		9C05B8CC17995EB0008E937D /* EXCheckOptionView.m in Sources */ = {isa = PBXBuildFile; fileRef = 9C05B8CB17995EB0008E937D /* EXCheckOptionView.m */; };
		9C05B8D11799636E008E937D /* add_story_to_local_category_cancel.png in Resources */ = {isa = PBXBuildFile; fileRef = 9C05B8CF1799636E008E937D /* add_story_to_local_category_cancel.png */; };
		9C05B8D21799636E008E937D /* add_story_to_local_category_normal.png in Resources */ = {isa = PBXBuildFile; fileRef = 9C05B8D01799636E008E937D /* add_story_to_local_category_normal.png */; };
		9C05B8D5179965E1008E937D /* EXExaminationListView.m in Sources */ = {isa = PBXBuildFile; fileRef = 9C05B8D4179965E1008E937D /* EXExaminationListView.m */; };
		9C05B8D8179966C9008E937D /* EXExamineViewController.m in Sources */ = {isa = PBXBuildFile; fileRef = 9C05B8D7179966C9008E937D /* EXExamineViewController.m */; };
		9CA3F39E179940A40052C8FE /* EXListView.m in Sources */ = {isa = PBXBuildFile; fileRef = 9CA3F39D179940A40052C8FE /* EXListView.m */; };
		9CA3F3A1179940DC0052C8FE /* EXExaminationView.m in Sources */ = {isa = PBXBuildFile; fileRef = 9CA3F3A0179940DC0052C8FE /* EXExaminationView.m */; };
		9CA3F3A4179940FE0052C8FE /* EXMoreConfigureView.m in Sources */ = {isa = PBXBuildFile; fileRef = 9CA3F3A3179940FE0052C8FE /* EXMoreConfigureView.m */; };
		9CA3F3A71799412C0052C8FE /* EXSubmitView.m in Sources */ = {isa = PBXBuildFile; fileRef = 9CA3F3A61799412C0052C8FE /* EXSubmitView.m */; };
		9CB40DAA179A89FF00FBD5BD /* examlist.json in Resources */ = {isa = PBXBuildFile; fileRef = 9CB40DA9179A89FF00FBD5BD /* examlist.json */; };
		9CB40DAF179A935700FBD5BD /* EXDownloadManager.m in Sources */ = {isa = PBXBuildFile; fileRef = 9CB40DAE179A935700FBD5BD /* EXDownloadManager.m */; };
		9CC1941D179A2ACE00781922 /* EXPaperListViewController.m in Sources */ = {isa = PBXBuildFile; fileRef = 9CC1941C179A2ACE00781922 /* EXPaperListViewController.m */; };
		9CC19421179A2CE300781922 /* EXPaperCell.m in Sources */ = {isa = PBXBuildFile; fileRef = 9CC19420179A2CE300781922 /* EXPaperCell.m */; };
		9CC19424179A36C200781922 /* EXNetPaperCell.m in Sources */ = {isa = PBXBuildFile; fileRef = 9CC19423179A36C200781922 /* EXNetPaperCell.m */; };
		9CC1944C179A71E300781922 /* EXNetDataManager.m in Sources */ = {isa = PBXBuildFile; fileRef = 9CC1944B179A71E300781922 /* EXNetDataManager.m */; };
		9CC194C2179A7E4200781922 /* libxml2.dylib in Frameworks */ = {isa = PBXBuildFile; fileRef = 9CC194BE179A7D5500781922 /* libxml2.dylib */; };
/* End PBXBuildFile section */

/* Begin PBXFileReference section */
		301371B9179AFFBA00F2BFCE /* KeychainItemWrapper.h */ = {isa = PBXFileReference; fileEncoding = 4; lastKnownFileType = sourcecode.c.h; path = KeychainItemWrapper.h; sourceTree = "<group>"; };
		301371BA179AFFBA00F2BFCE /* KeychainItemWrapper.m */ = {isa = PBXFileReference; fileEncoding = 4; lastKnownFileType = sourcecode.c.objc; path = KeychainItemWrapper.m; sourceTree = "<group>"; };
		301371BE179B012B00F2BFCE /* BusinessCenter.h */ = {isa = PBXFileReference; fileEncoding = 4; lastKnownFileType = sourcecode.c.h; path = BusinessCenter.h; sourceTree = "<group>"; };
		301371BF179B012B00F2BFCE /* BusinessCenter.m */ = {isa = PBXFileReference; fileEncoding = 4; lastKnownFileType = sourcecode.c.objc; path = BusinessCenter.m; sourceTree = "<group>"; };
		301371CF179B053100F2BFCE /* PublicDefine.h */ = {isa = PBXFileReference; fileEncoding = 4; lastKnownFileType = sourcecode.c.h; path = PublicDefine.h; sourceTree = "<group>"; };
		301371D5179B05DB00F2BFCE /* Security.framework */ = {isa = PBXFileReference; lastKnownFileType = wrapper.framework; name = Security.framework; path = System/Library/Frameworks/Security.framework; sourceTree = SDKROOT; };
		301371D7179B066200F2BFCE /* Utility.h */ = {isa = PBXFileReference; fileEncoding = 4; lastKnownFileType = sourcecode.c.h; path = Utility.h; sourceTree = "<group>"; };
		301371D8179B066200F2BFCE /* Utility.m */ = {isa = PBXFileReference; fileEncoding = 4; lastKnownFileType = sourcecode.c.objc; path = Utility.m; sourceTree = "<group>"; };
		301371E3179B34E700F2BFCE /* RegisterViewController.h */ = {isa = PBXFileReference; fileEncoding = 4; lastKnownFileType = sourcecode.c.h; path = RegisterViewController.h; sourceTree = "<group>"; };
		301371E4179B34E700F2BFCE /* RegisterViewController.m */ = {isa = PBXFileReference; fileEncoding = 4; lastKnownFileType = sourcecode.c.objc; path = RegisterViewController.m; sourceTree = "<group>"; };
		301371E7179B359900F2BFCE /* EXRegisterView.h */ = {isa = PBXFileReference; fileEncoding = 4; lastKnownFileType = sourcecode.c.h; path = EXRegisterView.h; sourceTree = SOURCE_ROOT; };
		301371E8179B359900F2BFCE /* EXRegisterView.m */ = {isa = PBXFileReference; fileEncoding = 4; lastKnownFileType = sourcecode.c.objc; path = EXRegisterView.m; sourceTree = SOURCE_ROOT; };
		301371EA179B35AF00F2BFCE /* EXLoginView.h */ = {isa = PBXFileReference; fileEncoding = 4; lastKnownFileType = sourcecode.c.h; path = EXLoginView.h; sourceTree = SOURCE_ROOT; };
		301371EB179B35AF00F2BFCE /* EXLoginView.m */ = {isa = PBXFileReference; fileEncoding = 4; lastKnownFileType = sourcecode.c.objc; path = EXLoginView.m; sourceTree = SOURCE_ROOT; };
		301371EE179B35CB00F2BFCE /* LoginViewController.h */ = {isa = PBXFileReference; fileEncoding = 4; lastKnownFileType = sourcecode.c.h; path = LoginViewController.h; sourceTree = "<group>"; };
		301371EF179B35CB00F2BFCE /* LoginViewController.m */ = {isa = PBXFileReference; fileEncoding = 4; lastKnownFileType = sourcecode.c.objc; path = LoginViewController.m; sourceTree = "<group>"; };
		301A74B21797C30600CCB95D /* CustomTabBarController.h */ = {isa = PBXFileReference; fileEncoding = 4; lastKnownFileType = sourcecode.c.h; path = CustomTabBarController.h; sourceTree = "<group>"; };
		301A74B31797C30600CCB95D /* CustomTabBarController.m */ = {isa = PBXFileReference; fileEncoding = 4; lastKnownFileType = sourcecode.c.objc; path = CustomTabBarController.m; sourceTree = "<group>"; };
		301A74B61797C51700CCB95D /* KPStore.h */ = {isa = PBXFileReference; fileEncoding = 4; lastKnownFileType = sourcecode.c.h; path = KPStore.h; sourceTree = "<group>"; };
		301A74B71797C51700CCB95D /* KPStore.m */ = {isa = PBXFileReference; fileEncoding = 4; lastKnownFileType = sourcecode.c.objc; path = KPStore.m; sourceTree = "<group>"; };
		301A74B81797C51700CCB95D /* NSManagedObject+ActiveRecord.h */ = {isa = PBXFileReference; fileEncoding = 4; lastKnownFileType = sourcecode.c.h; path = "NSManagedObject+ActiveRecord.h"; sourceTree = "<group>"; };
		301A74B91797C51700CCB95D /* NSManagedObject+ActiveRecord.m */ = {isa = PBXFileReference; fileEncoding = 4; lastKnownFileType = sourcecode.c.objc; path = "NSManagedObject+ActiveRecord.m"; sourceTree = "<group>"; };
		301A74BC1797C55700CCB95D /* CoreData.framework */ = {isa = PBXFileReference; lastKnownFileType = wrapper.framework; name = CoreData.framework; path = System/Library/Frameworks/CoreData.framework; sourceTree = SDKROOT; };
		301A74BF1797D8E700CCB95D /* ExamDataModel.xcdatamodel */ = {isa = PBXFileReference; lastKnownFileType = wrapper.xcdatamodel; path = ExamDataModel.xcdatamodel; sourceTree = "<group>"; };
		301A74C21797E67600CCB95D /* Topic.h */ = {isa = PBXFileReference; fileEncoding = 4; lastKnownFileType = sourcecode.c.h; path = Topic.h; sourceTree = "<group>"; };
		301A74C31797E67600CCB95D /* Topic.m */ = {isa = PBXFileReference; fileEncoding = 4; lastKnownFileType = sourcecode.c.objc; path = Topic.m; sourceTree = "<group>"; };
		301A74C51797E67700CCB95D /* User.h */ = {isa = PBXFileReference; fileEncoding = 4; lastKnownFileType = sourcecode.c.h; path = User.h; sourceTree = "<group>"; };
		301A74C61797E67700CCB95D /* User.m */ = {isa = PBXFileReference; fileEncoding = 4; lastKnownFileType = sourcecode.c.objc; path = User.m; sourceTree = "<group>"; };
		301A74C81797E67700CCB95D /* Paper.h */ = {isa = PBXFileReference; fileEncoding = 4; lastKnownFileType = sourcecode.c.h; path = Paper.h; sourceTree = "<group>"; };
		301A74C91797E67700CCB95D /* Paper.m */ = {isa = PBXFileReference; fileEncoding = 4; lastKnownFileType = sourcecode.c.objc; path = Paper.m; sourceTree = "<group>"; };
		301A74CB1797E6C300CCB95D /* DbBaseProtocol.h */ = {isa = PBXFileReference; fileEncoding = 4; lastKnownFileType = sourcecode.c.h; path = DbBaseProtocol.h; sourceTree = "<group>"; };
		301A74CD1797E7F200CCB95D /* PaperData.h */ = {isa = PBXFileReference; fileEncoding = 4; lastKnownFileType = sourcecode.c.h; path = PaperData.h; sourceTree = "<group>"; };
		301A74CE1797E7F200CCB95D /* PaperData.m */ = {isa = PBXFileReference; fileEncoding = 4; lastKnownFileType = sourcecode.c.objc; path = PaperData.m; sourceTree = "<group>"; };
		301A74D01797E80400CCB95D /* UserData.h */ = {isa = PBXFileReference; fileEncoding = 4; lastKnownFileType = sourcecode.c.h; path = UserData.h; sourceTree = "<group>"; };
		301A74D11797E80400CCB95D /* UserData.m */ = {isa = PBXFileReference; fileEncoding = 4; lastKnownFileType = sourcecode.c.objc; path = UserData.m; sourceTree = "<group>"; };
		301A74D31797E81500CCB95D /* TopicData.h */ = {isa = PBXFileReference; fileEncoding = 4; lastKnownFileType = sourcecode.c.h; path = TopicData.h; sourceTree = "<group>"; };
		301A74D41797E81500CCB95D /* TopicData.m */ = {isa = PBXFileReference; fileEncoding = 4; lastKnownFileType = sourcecode.c.objc; path = TopicData.m; sourceTree = "<group>"; };
		301A74D61797F02900CCB95D /* region.plist */ = {isa = PBXFileReference; fileEncoding = 4; lastKnownFileType = text.plist.xml; path = region.plist; sourceTree = "<group>"; };
		301A74DB1797F72700CCB95D /* ExamViewController.h */ = {isa = PBXFileReference; fileEncoding = 4; lastKnownFileType = sourcecode.c.h; path = ExamViewController.h; sourceTree = "<group>"; };
		301A74DC1797F72700CCB95D /* ExamViewController.m */ = {isa = PBXFileReference; fileEncoding = 4; lastKnownFileType = sourcecode.c.objc; path = ExamViewController.m; sourceTree = "<group>"; };
		301A74DE1797F75D00CCB95D /* WrongViewController.h */ = {isa = PBXFileReference; fileEncoding = 4; lastKnownFileType = sourcecode.c.h; path = WrongViewController.h; sourceTree = "<group>"; };
		301A74DF1797F75D00CCB95D /* WrongViewController.m */ = {isa = PBXFileReference; fileEncoding = 4; lastKnownFileType = sourcecode.c.objc; path = WrongViewController.m; sourceTree = "<group>"; };
		301A74E11797F78300CCB95D /* CollectViewController.h */ = {isa = PBXFileReference; fileEncoding = 4; lastKnownFileType = sourcecode.c.h; path = CollectViewController.h; sourceTree = "<group>"; };
		301A74E21797F78300CCB95D /* CollectViewController.m */ = {isa = PBXFileReference; fileEncoding = 4; lastKnownFileType = sourcecode.c.objc; path = CollectViewController.m; sourceTree = "<group>"; };
		301A74E41797F7AB00CCB95D /* MoreViewController.h */ = {isa = PBXFileReference; fileEncoding = 4; lastKnownFileType = sourcecode.c.h; path = MoreViewController.h; sourceTree = "<group>"; };
		301A74E51797F7AB00CCB95D /* MoreViewController.m */ = {isa = PBXFileReference; fileEncoding = 4; lastKnownFileType = sourcecode.c.objc; path = MoreViewController.m; sourceTree = "<group>"; };
		306570F317990B9100347AD1 /* DBManager.h */ = {isa = PBXFileReference; fileEncoding = 4; lastKnownFileType = sourcecode.c.h; path = DBManager.h; sourceTree = "<group>"; };
		306570F417990B9100347AD1 /* DBManager.m */ = {isa = PBXFileReference; fileEncoding = 4; lastKnownFileType = sourcecode.c.objc; path = DBManager.m; sourceTree = "<group>"; };
		306570FB1799159000347AD1 /* hangyeceshi-1.json */ = {isa = PBXFileReference; fileEncoding = 4; lastKnownFileType = text.json; path = "hangyeceshi-1.json"; sourceTree = "<group>"; };
		30BDBED31797C17A008F0578 /* ExamProject.app */ = {isa = PBXFileReference; explicitFileType = wrapper.application; includeInIndex = 0; path = ExamProject.app; sourceTree = BUILT_PRODUCTS_DIR; };
		30BDBED61797C17A008F0578 /* UIKit.framework */ = {isa = PBXFileReference; lastKnownFileType = wrapper.framework; name = UIKit.framework; path = System/Library/Frameworks/UIKit.framework; sourceTree = SDKROOT; };
		30BDBED81797C17A008F0578 /* Foundation.framework */ = {isa = PBXFileReference; lastKnownFileType = wrapper.framework; name = Foundation.framework; path = System/Library/Frameworks/Foundation.framework; sourceTree = SDKROOT; };
		30BDBEDA1797C17A008F0578 /* CoreGraphics.framework */ = {isa = PBXFileReference; lastKnownFileType = wrapper.framework; name = CoreGraphics.framework; path = System/Library/Frameworks/CoreGraphics.framework; sourceTree = SDKROOT; };
		30BDBEDE1797C17A008F0578 /* ExamProject-Info.plist */ = {isa = PBXFileReference; lastKnownFileType = text.plist.xml; path = "ExamProject-Info.plist"; sourceTree = "<group>"; };
		30BDBEE01797C17A008F0578 /* en */ = {isa = PBXFileReference; lastKnownFileType = text.plist.strings; name = en; path = en.lproj/InfoPlist.strings; sourceTree = "<group>"; };
		30BDBEE21797C17A008F0578 /* main.m */ = {isa = PBXFileReference; lastKnownFileType = sourcecode.c.objc; path = main.m; sourceTree = "<group>"; };
		30BDBEE41797C17A008F0578 /* ExamProject-Prefix.pch */ = {isa = PBXFileReference; lastKnownFileType = sourcecode.c.h; path = "ExamProject-Prefix.pch"; sourceTree = "<group>"; };
		30BDBEE51797C17A008F0578 /* AppDelegate.h */ = {isa = PBXFileReference; lastKnownFileType = sourcecode.c.h; path = AppDelegate.h; sourceTree = "<group>"; };
		30BDBEE61797C17A008F0578 /* AppDelegate.m */ = {isa = PBXFileReference; lastKnownFileType = sourcecode.c.objc; path = AppDelegate.m; sourceTree = "<group>"; };
		30BDBEE81797C17A008F0578 /* Default.png */ = {isa = PBXFileReference; lastKnownFileType = image.png; path = Default.png; sourceTree = "<group>"; };
		30BDBEEA1797C17A008F0578 /* Default@2x.png */ = {isa = PBXFileReference; lastKnownFileType = image.png; path = "Default@2x.png"; sourceTree = "<group>"; };
		30BDBEEC1797C17A008F0578 /* Default-568h@2x.png */ = {isa = PBXFileReference; lastKnownFileType = image.png; path = "Default-568h@2x.png"; sourceTree = "<group>"; };
		30BDBEEE1797C17A008F0578 /* ViewController.h */ = {isa = PBXFileReference; lastKnownFileType = sourcecode.c.h; path = ViewController.h; sourceTree = "<group>"; };
		30BDBEEF1797C17A008F0578 /* ViewController.m */ = {isa = PBXFileReference; lastKnownFileType = sourcecode.c.objc; path = ViewController.m; sourceTree = "<group>"; };
		30BDBEF21797C17A008F0578 /* en */ = {isa = PBXFileReference; lastKnownFileType = file.xib; name = en; path = en.lproj/ViewController.xib; sourceTree = "<group>"; };
		9C05B8CA17995EB0008E937D /* EXCheckOptionView.h */ = {isa = PBXFileReference; fileEncoding = 4; lastKnownFileType = sourcecode.c.h; path = EXCheckOptionView.h; sourceTree = SOURCE_ROOT; };
		9C05B8CB17995EB0008E937D /* EXCheckOptionView.m */ = {isa = PBXFileReference; fileEncoding = 4; lastKnownFileType = sourcecode.c.objc; path = EXCheckOptionView.m; sourceTree = SOURCE_ROOT; };
		9C05B8CF1799636E008E937D /* add_story_to_local_category_cancel.png */ = {isa = PBXFileReference; lastKnownFileType = image.png; path = add_story_to_local_category_cancel.png; sourceTree = "<group>"; };
		9C05B8D01799636E008E937D /* add_story_to_local_category_normal.png */ = {isa = PBXFileReference; lastKnownFileType = image.png; path = add_story_to_local_category_normal.png; sourceTree = "<group>"; };
		9C05B8D3179965E1008E937D /* EXExaminationListView.h */ = {isa = PBXFileReference; fileEncoding = 4; lastKnownFileType = sourcecode.c.h; path = EXExaminationListView.h; sourceTree = SOURCE_ROOT; };
		9C05B8D4179965E1008E937D /* EXExaminationListView.m */ = {isa = PBXFileReference; fileEncoding = 4; lastKnownFileType = sourcecode.c.objc; path = EXExaminationListView.m; sourceTree = SOURCE_ROOT; };
		9C05B8D6179966C9008E937D /* EXExamineViewController.h */ = {isa = PBXFileReference; fileEncoding = 4; lastKnownFileType = sourcecode.c.h; path = EXExamineViewController.h; sourceTree = "<group>"; };
		9C05B8D7179966C9008E937D /* EXExamineViewController.m */ = {isa = PBXFileReference; fileEncoding = 4; lastKnownFileType = sourcecode.c.objc; path = EXExamineViewController.m; sourceTree = "<group>"; };
		9CA3F39C179940A30052C8FE /* EXListView.h */ = {isa = PBXFileReference; fileEncoding = 4; lastKnownFileType = sourcecode.c.h; path = EXListView.h; sourceTree = SOURCE_ROOT; };
		9CA3F39D179940A40052C8FE /* EXListView.m */ = {isa = PBXFileReference; fileEncoding = 4; lastKnownFileType = sourcecode.c.objc; path = EXListView.m; sourceTree = SOURCE_ROOT; };
		9CA3F39F179940DC0052C8FE /* EXExaminationView.h */ = {isa = PBXFileReference; fileEncoding = 4; lastKnownFileType = sourcecode.c.h; path = EXExaminationView.h; sourceTree = SOURCE_ROOT; };
		9CA3F3A0179940DC0052C8FE /* EXExaminationView.m */ = {isa = PBXFileReference; fileEncoding = 4; lastKnownFileType = sourcecode.c.objc; path = EXExaminationView.m; sourceTree = SOURCE_ROOT; };
		9CA3F3A2179940FE0052C8FE /* EXMoreConfigureView.h */ = {isa = PBXFileReference; fileEncoding = 4; lastKnownFileType = sourcecode.c.h; path = EXMoreConfigureView.h; sourceTree = SOURCE_ROOT; };
		9CA3F3A3179940FE0052C8FE /* EXMoreConfigureView.m */ = {isa = PBXFileReference; fileEncoding = 4; lastKnownFileType = sourcecode.c.objc; path = EXMoreConfigureView.m; sourceTree = SOURCE_ROOT; };
		9CA3F3A51799412C0052C8FE /* EXSubmitView.h */ = {isa = PBXFileReference; fileEncoding = 4; lastKnownFileType = sourcecode.c.h; path = EXSubmitView.h; sourceTree = SOURCE_ROOT; };
		9CA3F3A61799412C0052C8FE /* EXSubmitView.m */ = {isa = PBXFileReference; fileEncoding = 4; lastKnownFileType = sourcecode.c.objc; path = EXSubmitView.m; sourceTree = SOURCE_ROOT; };
		9CB40DA9179A89FF00FBD5BD /* examlist.json */ = {isa = PBXFileReference; fileEncoding = 4; lastKnownFileType = text.json; path = examlist.json; sourceTree = "<group>"; };
		9CB40DAD179A935700FBD5BD /* EXDownloadManager.h */ = {isa = PBXFileReference; fileEncoding = 4; lastKnownFileType = sourcecode.c.h; path = EXDownloadManager.h; sourceTree = "<group>"; };
		9CB40DAE179A935700FBD5BD /* EXDownloadManager.m */ = {isa = PBXFileReference; fileEncoding = 4; lastKnownFileType = sourcecode.c.objc; path = EXDownloadManager.m; sourceTree = "<group>"; };
		9CC1941B179A2ACE00781922 /* EXPaperListViewController.h */ = {isa = PBXFileReference; fileEncoding = 4; lastKnownFileType = sourcecode.c.h; path = EXPaperListViewController.h; sourceTree = "<group>"; };
		9CC1941C179A2ACE00781922 /* EXPaperListViewController.m */ = {isa = PBXFileReference; fileEncoding = 4; lastKnownFileType = sourcecode.c.objc; path = EXPaperListViewController.m; sourceTree = "<group>"; };
		9CC1941F179A2CE300781922 /* EXPaperCell.h */ = {isa = PBXFileReference; fileEncoding = 4; lastKnownFileType = sourcecode.c.h; path = EXPaperCell.h; sourceTree = "<group>"; };
		9CC19420179A2CE300781922 /* EXPaperCell.m */ = {isa = PBXFileReference; fileEncoding = 4; lastKnownFileType = sourcecode.c.objc; path = EXPaperCell.m; sourceTree = "<group>"; };
		9CC19422179A36C200781922 /* EXNetPaperCell.h */ = {isa = PBXFileReference; fileEncoding = 4; lastKnownFileType = sourcecode.c.h; path = EXNetPaperCell.h; sourceTree = "<group>"; };
		9CC19423179A36C200781922 /* EXNetPaperCell.m */ = {isa = PBXFileReference; fileEncoding = 4; lastKnownFileType = sourcecode.c.objc; path = EXNetPaperCell.m; sourceTree = "<group>"; };
		9CC1944A179A71E300781922 /* EXNetDataManager.h */ = {isa = PBXFileReference; fileEncoding = 4; lastKnownFileType = sourcecode.c.h; path = EXNetDataManager.h; sourceTree = "<group>"; };
		9CC1944B179A71E300781922 /* EXNetDataManager.m */ = {isa = PBXFileReference; fileEncoding = 4; lastKnownFileType = sourcecode.c.objc; path = EXNetDataManager.m; sourceTree = "<group>"; };
		9CC194BE179A7D5500781922 /* libxml2.dylib */ = {isa = PBXFileReference; lastKnownFileType = "compiled.mach-o.dylib"; name = libxml2.dylib; path = usr/lib/libxml2.dylib; sourceTree = SDKROOT; };
		9CC194C0179A7DB900781922 /* libxml2.2.dylib */ = {isa = PBXFileReference; lastKnownFileType = "compiled.mach-o.dylib"; name = libxml2.2.dylib; path = usr/lib/libxml2.2.dylib; sourceTree = SDKROOT; };
/* End PBXFileReference section */

/* Begin PBXFrameworksBuildPhase section */
		30BDBED01797C17A008F0578 /* Frameworks */ = {
			isa = PBXFrameworksBuildPhase;
			buildActionMask = 2147483647;
			files = (
				9CC194C2179A7E4200781922 /* libxml2.dylib in Frameworks */,
				301371D6179B05DB00F2BFCE /* Security.framework in Frameworks */,
				301A74BD1797C55700CCB95D /* CoreData.framework in Frameworks */,
				30BDBED71797C17A008F0578 /* UIKit.framework in Frameworks */,
				30BDBED91797C17A008F0578 /* Foundation.framework in Frameworks */,
				30BDBEDB1797C17A008F0578 /* CoreGraphics.framework in Frameworks */,
			);
			runOnlyForDeploymentPostprocessing = 0;
		};
/* End PBXFrameworksBuildPhase section */

/* Begin PBXGroup section */
		301371B7179AFFBA00F2BFCE /* OpenSource */ = {
			isa = PBXGroup;
			children = (
				301371B8179AFFBA00F2BFCE /* Keychain */,
			);
			name = OpenSource;
			path = ExamProject/OpenSource;
			sourceTree = SOURCE_ROOT;
		};
		301371B8179AFFBA00F2BFCE /* Keychain */ = {
			isa = PBXGroup;
			children = (
				301371B9179AFFBA00F2BFCE /* KeychainItemWrapper.h */,
				301371BA179AFFBA00F2BFCE /* KeychainItemWrapper.m */,
			);
			path = Keychain;
			sourceTree = "<group>";
		};
		301371BD179B010400F2BFCE /* Public */ = {
			isa = PBXGroup;
			children = (
				301371CF179B053100F2BFCE /* PublicDefine.h */,
				301371D7179B066200F2BFCE /* Utility.h */,
				301371D8179B066200F2BFCE /* Utility.m */,
				301371BE179B012B00F2BFCE /* BusinessCenter.h */,
				301371BF179B012B00F2BFCE /* BusinessCenter.m */,
			);
			path = Public;
			sourceTree = "<group>";
		};
		301A74B11797C30600CCB95D /* CustomTabBar */ = {
			isa = PBXGroup;
			children = (
				301A74B21797C30600CCB95D /* CustomTabBarController.h */,
				301A74B31797C30600CCB95D /* CustomTabBarController.m */,
			);
			name = CustomTabBar;
			path = ../../CustomTabBar;
			sourceTree = "<group>";
		};
		301A74B51797C51700CCB95D /* KPStore */ = {
			isa = PBXGroup;
			children = (
				301A74B61797C51700CCB95D /* KPStore.h */,
				301A74B71797C51700CCB95D /* KPStore.m */,
				301A74B81797C51700CCB95D /* NSManagedObject+ActiveRecord.h */,
				301A74B91797C51700CCB95D /* NSManagedObject+ActiveRecord.m */,
			);
			name = KPStore;
			path = ../KPStore;
			sourceTree = "<group>";
		};
		301A74C11797E64100CCB95D /* DataBase */ = {
			isa = PBXGroup;
			children = (
				301A74B51797C51700CCB95D /* KPStore */,
				301A74CB1797E6C300CCB95D /* DbBaseProtocol.h */,
				306570F317990B9100347AD1 /* DBManager.h */,
				306570F417990B9100347AD1 /* DBManager.m */,
				301A74C81797E67700CCB95D /* Paper.h */,
				301A74C91797E67700CCB95D /* Paper.m */,
				301A74C51797E67700CCB95D /* User.h */,
				301A74C61797E67700CCB95D /* User.m */,
				301A74C21797E67600CCB95D /* Topic.h */,
				301A74C31797E67600CCB95D /* Topic.m */,
			);
			path = DataBase;
			sourceTree = "<group>";
		};
		301A74CC1797E7BB00CCB95D /* DataModel */ = {
			isa = PBXGroup;
			children = (
				301A74CD1797E7F200CCB95D /* PaperData.h */,
				301A74CE1797E7F200CCB95D /* PaperData.m */,
				301A74D01797E80400CCB95D /* UserData.h */,
				301A74D11797E80400CCB95D /* UserData.m */,
				301A74D31797E81500CCB95D /* TopicData.h */,
				301A74D41797E81500CCB95D /* TopicData.m */,
			);
			path = DataModel;
			sourceTree = "<group>";
		};
		301A74D81797F63900CCB95D /* UI */ = {
			isa = PBXGroup;
			children = (
				9CC19449179A71BC00781922 /* Manager */,
				9CC1941E179A2CB800781922 /* Cell */,
				301A74D91797F63900CCB95D /* Controllers */,
				301A74DA1797F63900CCB95D /* Views */,
			);
			path = UI;
			sourceTree = "<group>";
		};
		301A74D91797F63900CCB95D /* Controllers */ = {
			isa = PBXGroup;
			children = (
				301A74B11797C30600CCB95D /* CustomTabBar */,
				301A74DB1797F72700CCB95D /* ExamViewController.h */,
				301A74DC1797F72700CCB95D /* ExamViewController.m */,
				301A74DE1797F75D00CCB95D /* WrongViewController.h */,
				301A74DF1797F75D00CCB95D /* WrongViewController.m */,
				301A74E11797F78300CCB95D /* CollectViewController.h */,
				301A74E21797F78300CCB95D /* CollectViewController.m */,
				301A74E41797F7AB00CCB95D /* MoreViewController.h */,
				301A74E51797F7AB00CCB95D /* MoreViewController.m */,
				9C05B8D6179966C9008E937D /* EXExamineViewController.h */,
				9C05B8D7179966C9008E937D /* EXExamineViewController.m */,
				9CC1941B179A2ACE00781922 /* EXPaperListViewController.h */,
				9CC1941C179A2ACE00781922 /* EXPaperListViewController.m */,
				301371E3179B34E700F2BFCE /* RegisterViewController.h */,
				301371E4179B34E700F2BFCE /* RegisterViewController.m */,
				301371EE179B35CB00F2BFCE /* LoginViewController.h */,
				301371EF179B35CB00F2BFCE /* LoginViewController.m */,
			);
			path = Controllers;
			sourceTree = "<group>";
		};
		301A74DA1797F63900CCB95D /* Views */ = {
			isa = PBXGroup;
			children = (
				9CA3F39C179940A30052C8FE /* EXListView.h */,
				9CA3F39D179940A40052C8FE /* EXListView.m */,
				9CA3F39F179940DC0052C8FE /* EXExaminationView.h */,
				9CA3F3A0179940DC0052C8FE /* EXExaminationView.m */,
				9CA3F3A2179940FE0052C8FE /* EXMoreConfigureView.h */,
				9CA3F3A3179940FE0052C8FE /* EXMoreConfigureView.m */,
				9CA3F3A51799412C0052C8FE /* EXSubmitView.h */,
				9CA3F3A61799412C0052C8FE /* EXSubmitView.m */,
				9C05B8CA17995EB0008E937D /* EXCheckOptionView.h */,
				9C05B8CB17995EB0008E937D /* EXCheckOptionView.m */,
				9C05B8D3179965E1008E937D /* EXExaminationListView.h */,
				9C05B8D4179965E1008E937D /* EXExaminationListView.m */,
				301371E7179B359900F2BFCE /* EXRegisterView.h */,
				301371E8179B359900F2BFCE /* EXRegisterView.m */,
				301371EA179B35AF00F2BFCE /* EXLoginView.h */,
				301371EB179B35AF00F2BFCE /* EXLoginView.m */,
			);
			path = Views;
			sourceTree = "<group>";
		};
		30BDBECA1797C17A008F0578 = {
			isa = PBXGroup;
			children = (
				30BDBEDC1797C17A008F0578 /* ExamProject */,
				30BDBED51797C17A008F0578 /* Frameworks */,
				30BDBED41797C17A008F0578 /* Products */,
			);
			sourceTree = "<group>";
		};
		30BDBED41797C17A008F0578 /* Products */ = {
			isa = PBXGroup;
			children = (
				30BDBED31797C17A008F0578 /* ExamProject.app */,
			);
			name = Products;
			sourceTree = "<group>";
		};
		30BDBED51797C17A008F0578 /* Frameworks */ = {
			isa = PBXGroup;
			children = (
<<<<<<< HEAD
				9CC194C0179A7DB900781922 /* libxml2.2.dylib */,
				9CC194BE179A7D5500781922 /* libxml2.dylib */,
=======
				301371D5179B05DB00F2BFCE /* Security.framework */,
>>>>>>> a5f95aef7b27e714682b1cb7631b402a7a1df3fe
				301A74BC1797C55700CCB95D /* CoreData.framework */,
				30BDBED61797C17A008F0578 /* UIKit.framework */,
				30BDBED81797C17A008F0578 /* Foundation.framework */,
				30BDBEDA1797C17A008F0578 /* CoreGraphics.framework */,
			);
			name = Frameworks;
			sourceTree = "<group>";
		};
		30BDBEDC1797C17A008F0578 /* ExamProject */ = {
			isa = PBXGroup;
			children = (
				9CB40DA9179A89FF00FBD5BD /* examlist.json */,
				9C05B8CE1799636E008E937D /* Resource */,
				301371B7179AFFBA00F2BFCE /* OpenSource */,
				301A74CC1797E7BB00CCB95D /* DataModel */,
				301A74C11797E64100CCB95D /* DataBase */,
				301A74D81797F63900CCB95D /* UI */,
				301371BD179B010400F2BFCE /* Public */,
				30BDBEE51797C17A008F0578 /* AppDelegate.h */,
				30BDBEE61797C17A008F0578 /* AppDelegate.m */,
				30BDBEEE1797C17A008F0578 /* ViewController.h */,
				30BDBEEF1797C17A008F0578 /* ViewController.m */,
				30BDBEF11797C17A008F0578 /* ViewController.xib */,
				30BDBEDD1797C17A008F0578 /* Supporting Files */,
			);
			path = ExamProject;
			sourceTree = "<group>";
		};
		30BDBEDD1797C17A008F0578 /* Supporting Files */ = {
			isa = PBXGroup;
			children = (
				306570FB1799159000347AD1 /* hangyeceshi-1.json */,
				30BDBEDE1797C17A008F0578 /* ExamProject-Info.plist */,
				30BDBEDF1797C17A008F0578 /* InfoPlist.strings */,
				30BDBEE21797C17A008F0578 /* main.m */,
				30BDBEE41797C17A008F0578 /* ExamProject-Prefix.pch */,
				30BDBEE81797C17A008F0578 /* Default.png */,
				30BDBEEA1797C17A008F0578 /* Default@2x.png */,
				30BDBEEC1797C17A008F0578 /* Default-568h@2x.png */,
				301A74BE1797D8E700CCB95D /* ExamDataModel.xcdatamodeld */,
				301A74D61797F02900CCB95D /* region.plist */,
			);
			name = "Supporting Files";
			sourceTree = "<group>";
		};
		9C05B8CE1799636E008E937D /* Resource */ = {
			isa = PBXGroup;
			children = (
				9C05B8CF1799636E008E937D /* add_story_to_local_category_cancel.png */,
				9C05B8D01799636E008E937D /* add_story_to_local_category_normal.png */,
			);
			path = Resource;
			sourceTree = "<group>";
		};
		9CC1941E179A2CB800781922 /* Cell */ = {
			isa = PBXGroup;
			children = (
				9CC1941F179A2CE300781922 /* EXPaperCell.h */,
				9CC19420179A2CE300781922 /* EXPaperCell.m */,
				9CC19422179A36C200781922 /* EXNetPaperCell.h */,
				9CC19423179A36C200781922 /* EXNetPaperCell.m */,
			);
			name = Cell;
			sourceTree = "<group>";
		};
		9CC19449179A71BC00781922 /* Manager */ = {
			isa = PBXGroup;
			children = (
				9CC1944A179A71E300781922 /* EXNetDataManager.h */,
				9CC1944B179A71E300781922 /* EXNetDataManager.m */,
				9CB40DAD179A935700FBD5BD /* EXDownloadManager.h */,
				9CB40DAE179A935700FBD5BD /* EXDownloadManager.m */,
			);
			name = Manager;
			sourceTree = "<group>";
		};
/* End PBXGroup section */

/* Begin PBXNativeTarget section */
		30BDBED21797C17A008F0578 /* ExamProject */ = {
			isa = PBXNativeTarget;
			buildConfigurationList = 30BDBEF61797C17A008F0578 /* Build configuration list for PBXNativeTarget "ExamProject" */;
			buildPhases = (
				30BDBECF1797C17A008F0578 /* Sources */,
				30BDBED01797C17A008F0578 /* Frameworks */,
				30BDBED11797C17A008F0578 /* Resources */,
			);
			buildRules = (
			);
			dependencies = (
			);
			name = ExamProject;
			productName = ExamProject;
			productReference = 30BDBED31797C17A008F0578 /* ExamProject.app */;
			productType = "com.apple.product-type.application";
		};
/* End PBXNativeTarget section */

/* Begin PBXProject section */
		30BDBECB1797C17A008F0578 /* Project object */ = {
			isa = PBXProject;
			attributes = {
				LastUpgradeCheck = 0460;
				ORGANIZATIONNAME = "Magic Song";
			};
			buildConfigurationList = 30BDBECE1797C17A008F0578 /* Build configuration list for PBXProject "ExamProject" */;
			compatibilityVersion = "Xcode 3.2";
			developmentRegion = English;
			hasScannedForEncodings = 0;
			knownRegions = (
				en,
			);
			mainGroup = 30BDBECA1797C17A008F0578;
			productRefGroup = 30BDBED41797C17A008F0578 /* Products */;
			projectDirPath = "";
			projectRoot = "";
			targets = (
				30BDBED21797C17A008F0578 /* ExamProject */,
			);
		};
/* End PBXProject section */

/* Begin PBXResourcesBuildPhase section */
		30BDBED11797C17A008F0578 /* Resources */ = {
			isa = PBXResourcesBuildPhase;
			buildActionMask = 2147483647;
			files = (
				9C05B8D11799636E008E937D /* add_story_to_local_category_cancel.png in Resources */,
				301A74D71797F02900CCB95D /* region.plist in Resources */,
				9CB40DAA179A89FF00FBD5BD /* examlist.json in Resources */,
				30BDBEE11797C17A008F0578 /* InfoPlist.strings in Resources */,
				30BDBEE91797C17A008F0578 /* Default.png in Resources */,
				9C05B8D21799636E008E937D /* add_story_to_local_category_normal.png in Resources */,
				30BDBEEB1797C17A008F0578 /* Default@2x.png in Resources */,
				30BDBEED1797C17A008F0578 /* Default-568h@2x.png in Resources */,
				30BDBEF31797C17A008F0578 /* ViewController.xib in Resources */,
				306570FC1799159000347AD1 /* hangyeceshi-1.json in Resources */,
			);
			runOnlyForDeploymentPostprocessing = 0;
		};
/* End PBXResourcesBuildPhase section */

/* Begin PBXSourcesBuildPhase section */
		30BDBECF1797C17A008F0578 /* Sources */ = {
			isa = PBXSourcesBuildPhase;
			buildActionMask = 2147483647;
			files = (
				301A74BA1797C51700CCB95D /* KPStore.m in Sources */,
				9CC19424179A36C200781922 /* EXNetPaperCell.m in Sources */,
				301A74C41797E67600CCB95D /* Topic.m in Sources */,
				301A74D51797E81500CCB95D /* TopicData.m in Sources */,
				9CC1944C179A71E300781922 /* EXNetDataManager.m in Sources */,
				301A74C71797E67700CCB95D /* User.m in Sources */,
				9C05B8CC17995EB0008E937D /* EXCheckOptionView.m in Sources */,
				301A74C01797D8E700CCB95D /* ExamDataModel.xcdatamodeld in Sources */,
				9CA3F3A71799412C0052C8FE /* EXSubmitView.m in Sources */,
				9C05B8D8179966C9008E937D /* EXExamineViewController.m in Sources */,
				301A74CA1797E67700CCB95D /* Paper.m in Sources */,
				301A74CF1797E7F200CCB95D /* PaperData.m in Sources */,
				301A74E31797F78300CCB95D /* CollectViewController.m in Sources */,
				9CA3F3A4179940FE0052C8FE /* EXMoreConfigureView.m in Sources */,
				9C05B8D5179965E1008E937D /* EXExaminationListView.m in Sources */,
				30BDBEE31797C17A008F0578 /* main.m in Sources */,
				301A74E61797F7AB00CCB95D /* MoreViewController.m in Sources */,
				301A74E01797F75D00CCB95D /* WrongViewController.m in Sources */,
				9CB40DAF179A935700FBD5BD /* EXDownloadManager.m in Sources */,
				9CA3F39E179940A40052C8FE /* EXListView.m in Sources */,
				301A74BB1797C51700CCB95D /* NSManagedObject+ActiveRecord.m in Sources */,
				9CC1941D179A2ACE00781922 /* EXPaperListViewController.m in Sources */,
				30BDBEE71797C17A008F0578 /* AppDelegate.m in Sources */,
				301A74B41797C30600CCB95D /* CustomTabBarController.m in Sources */,
				301A74DD1797F72700CCB95D /* ExamViewController.m in Sources */,
				301A74D21797E80400CCB95D /* UserData.m in Sources */,
				9CC19421179A2CE300781922 /* EXPaperCell.m in Sources */,
				30BDBEF01797C17A008F0578 /* ViewController.m in Sources */,
				306570F517990B9100347AD1 /* DBManager.m in Sources */,
				9CA3F3A1179940DC0052C8FE /* EXExaminationView.m in Sources */,
				301371BB179AFFBA00F2BFCE /* KeychainItemWrapper.m in Sources */,
				301371C0179B012B00F2BFCE /* BusinessCenter.m in Sources */,
				301371D9179B066200F2BFCE /* Utility.m in Sources */,
				301371E5179B34E700F2BFCE /* RegisterViewController.m in Sources */,
				301371E9179B359900F2BFCE /* EXRegisterView.m in Sources */,
				301371EC179B35AF00F2BFCE /* EXLoginView.m in Sources */,
				301371F0179B35CB00F2BFCE /* LoginViewController.m in Sources */,
			);
			runOnlyForDeploymentPostprocessing = 0;
		};
/* End PBXSourcesBuildPhase section */

/* Begin PBXVariantGroup section */
		30BDBEDF1797C17A008F0578 /* InfoPlist.strings */ = {
			isa = PBXVariantGroup;
			children = (
				30BDBEE01797C17A008F0578 /* en */,
			);
			name = InfoPlist.strings;
			sourceTree = "<group>";
		};
		30BDBEF11797C17A008F0578 /* ViewController.xib */ = {
			isa = PBXVariantGroup;
			children = (
				30BDBEF21797C17A008F0578 /* en */,
			);
			name = ViewController.xib;
			sourceTree = "<group>";
		};
/* End PBXVariantGroup section */

/* Begin XCBuildConfiguration section */
		30BDBEF41797C17A008F0578 /* Debug */ = {
			isa = XCBuildConfiguration;
			buildSettings = {
				ALWAYS_SEARCH_USER_PATHS = NO;
				CLANG_CXX_LANGUAGE_STANDARD = "gnu++0x";
				CLANG_CXX_LIBRARY = "libc++";
				CLANG_WARN_CONSTANT_CONVERSION = YES;
				CLANG_WARN_EMPTY_BODY = YES;
				CLANG_WARN_ENUM_CONVERSION = YES;
				CLANG_WARN_INT_CONVERSION = YES;
				CLANG_WARN__DUPLICATE_METHOD_MATCH = YES;
				"CODE_SIGN_IDENTITY[sdk=iphoneos*]" = "iPhone Developer";
				COPY_PHASE_STRIP = NO;
				GCC_C_LANGUAGE_STANDARD = gnu99;
				GCC_DYNAMIC_NO_PIC = NO;
				GCC_OPTIMIZATION_LEVEL = 0;
				GCC_PREPROCESSOR_DEFINITIONS = (
					"DEBUG=1",
					"$(inherited)",
				);
				GCC_SYMBOLS_PRIVATE_EXTERN = NO;
				GCC_WARN_ABOUT_RETURN_TYPE = YES;
				GCC_WARN_UNINITIALIZED_AUTOS = YES;
				GCC_WARN_UNUSED_VARIABLE = YES;
				IPHONEOS_DEPLOYMENT_TARGET = 5.1;
				ONLY_ACTIVE_ARCH = YES;
				SDKROOT = iphoneos;
			};
			name = Debug;
		};
		30BDBEF51797C17A008F0578 /* Release */ = {
			isa = XCBuildConfiguration;
			buildSettings = {
				ALWAYS_SEARCH_USER_PATHS = NO;
				CLANG_CXX_LANGUAGE_STANDARD = "gnu++0x";
				CLANG_CXX_LIBRARY = "libc++";
				CLANG_WARN_CONSTANT_CONVERSION = YES;
				CLANG_WARN_EMPTY_BODY = YES;
				CLANG_WARN_ENUM_CONVERSION = YES;
				CLANG_WARN_INT_CONVERSION = YES;
				CLANG_WARN__DUPLICATE_METHOD_MATCH = YES;
				"CODE_SIGN_IDENTITY[sdk=iphoneos*]" = "iPhone Developer";
				COPY_PHASE_STRIP = YES;
				GCC_C_LANGUAGE_STANDARD = gnu99;
				GCC_WARN_ABOUT_RETURN_TYPE = YES;
				GCC_WARN_UNINITIALIZED_AUTOS = YES;
				GCC_WARN_UNUSED_VARIABLE = YES;
				IPHONEOS_DEPLOYMENT_TARGET = 5.1;
				OTHER_CFLAGS = "-DNS_BLOCK_ASSERTIONS=1";
				SDKROOT = iphoneos;
				VALIDATE_PRODUCT = YES;
			};
			name = Release;
		};
		30BDBEF71797C17A008F0578 /* Debug */ = {
			isa = XCBuildConfiguration;
			buildSettings = {
				GCC_PRECOMPILE_PREFIX_HEADER = YES;
				GCC_PREFIX_HEADER = "ExamProject/ExamProject-Prefix.pch";
				HEADER_SEARCH_PATHS = "/usr/include/libxml2/**";
				INFOPLIST_FILE = "ExamProject/ExamProject-Info.plist";
				PRODUCT_NAME = "$(TARGET_NAME)";
				WRAPPER_EXTENSION = app;
			};
			name = Debug;
		};
		30BDBEF81797C17A008F0578 /* Release */ = {
			isa = XCBuildConfiguration;
			buildSettings = {
				GCC_PRECOMPILE_PREFIX_HEADER = YES;
				GCC_PREFIX_HEADER = "ExamProject/ExamProject-Prefix.pch";
				HEADER_SEARCH_PATHS = "/usr/include/libxml2/**";
				INFOPLIST_FILE = "ExamProject/ExamProject-Info.plist";
				PRODUCT_NAME = "$(TARGET_NAME)";
				WRAPPER_EXTENSION = app;
			};
			name = Release;
		};
/* End XCBuildConfiguration section */

/* Begin XCConfigurationList section */
		30BDBECE1797C17A008F0578 /* Build configuration list for PBXProject "ExamProject" */ = {
			isa = XCConfigurationList;
			buildConfigurations = (
				30BDBEF41797C17A008F0578 /* Debug */,
				30BDBEF51797C17A008F0578 /* Release */,
			);
			defaultConfigurationIsVisible = 0;
			defaultConfigurationName = Release;
		};
		30BDBEF61797C17A008F0578 /* Build configuration list for PBXNativeTarget "ExamProject" */ = {
			isa = XCConfigurationList;
			buildConfigurations = (
				30BDBEF71797C17A008F0578 /* Debug */,
				30BDBEF81797C17A008F0578 /* Release */,
			);
			defaultConfigurationIsVisible = 0;
			defaultConfigurationName = Release;
		};
/* End XCConfigurationList section */

/* Begin XCVersionGroup section */
		301A74BE1797D8E700CCB95D /* ExamDataModel.xcdatamodeld */ = {
			isa = XCVersionGroup;
			children = (
				301A74BF1797D8E700CCB95D /* ExamDataModel.xcdatamodel */,
			);
			currentVersion = 301A74BF1797D8E700CCB95D /* ExamDataModel.xcdatamodel */;
			path = ExamDataModel.xcdatamodeld;
			sourceTree = "<group>";
			versionGroupType = wrapper.xcdatamodel;
		};
/* End XCVersionGroup section */
	};
	rootObject = 30BDBECB1797C17A008F0578 /* Project object */;
}
