// !$*UTF8*$!
{
	archiveVersion = 1;
	classes = {
	};
	objectVersion = 46;
	objects = {

/* Begin PBXBuildFile section */
		301A74B41797C30600CCB95D /* CustomTabBarController.m in Sources */ = {isa = PBXBuildFile; fileRef = 301A74B31797C30600CCB95D /* CustomTabBarController.m */; };
		301A74BA1797C51700CCB95D /* KPStore.m in Sources */ = {isa = PBXBuildFile; fileRef = 301A74B71797C51700CCB95D /* KPStore.m */; };
		301A74BB1797C51700CCB95D /* NSManagedObject+ActiveRecord.m in Sources */ = {isa = PBXBuildFile; fileRef = 301A74B91797C51700CCB95D /* NSManagedObject+ActiveRecord.m */; };
		301A74BD1797C55700CCB95D /* CoreData.framework in Frameworks */ = {isa = PBXBuildFile; fileRef = 301A74BC1797C55700CCB95D /* CoreData.framework */; };
		30BDBED71797C17A008F0578 /* UIKit.framework in Frameworks */ = {isa = PBXBuildFile; fileRef = 30BDBED61797C17A008F0578 /* UIKit.framework */; };
		30BDBED91797C17A008F0578 /* Foundation.framework in Frameworks */ = {isa = PBXBuildFile; fileRef = 30BDBED81797C17A008F0578 /* Foundation.framework */; };
		30BDBEDB1797C17A008F0578 /* CoreGraphics.framework in Frameworks */ = {isa = PBXBuildFile; fileRef = 30BDBEDA1797C17A008F0578 /* CoreGraphics.framework */; };
		30BDBEE11797C17A008F0578 /* InfoPlist.strings in Resources */ = {isa = PBXBuildFile; fileRef = 30BDBEDF1797C17A008F0578 /* InfoPlist.strings */; };
		30BDBEE31797C17A008F0578 /* main.m in Sources */ = {isa = PBXBuildFile; fileRef = 30BDBEE21797C17A008F0578 /* main.m */; };
		30BDBEE71797C17A008F0578 /* AppDelegate.m in Sources */ = {isa = PBXBuildFile; fileRef = 30BDBEE61797C17A008F0578 /* AppDelegate.m */; };
		30BDBEE91797C17A008F0578 /* Default.png in Resources */ = {isa = PBXBuildFile; fileRef = 30BDBEE81797C17A008F0578 /* Default.png */; };
		30BDBEEB1797C17A008F0578 /* Default@2x.png in Resources */ = {isa = PBXBuildFile; fileRef = 30BDBEEA1797C17A008F0578 /* Default@2x.png */; };
		30BDBEED1797C17A008F0578 /* Default-568h@2x.png in Resources */ = {isa = PBXBuildFile; fileRef = 30BDBEEC1797C17A008F0578 /* Default-568h@2x.png */; };
		30BDBEF01797C17A008F0578 /* ViewController.m in Sources */ = {isa = PBXBuildFile; fileRef = 30BDBEEF1797C17A008F0578 /* ViewController.m */; };
		30BDBEF31797C17A008F0578 /* ViewController.xib in Resources */ = {isa = PBXBuildFile; fileRef = 30BDBEF11797C17A008F0578 /* ViewController.xib */; };
/* End PBXBuildFile section */

/* Begin PBXFileReference section */
		301A74B21797C30600CCB95D /* CustomTabBarController.h */ = {isa = PBXFileReference; fileEncoding = 4; lastKnownFileType = sourcecode.c.h; path = CustomTabBarController.h; sourceTree = "<group>"; };
		301A74B31797C30600CCB95D /* CustomTabBarController.m */ = {isa = PBXFileReference; fileEncoding = 4; lastKnownFileType = sourcecode.c.objc; path = CustomTabBarController.m; sourceTree = "<group>"; };
		301A74B61797C51700CCB95D /* KPStore.h */ = {isa = PBXFileReference; fileEncoding = 4; lastKnownFileType = sourcecode.c.h; path = KPStore.h; sourceTree = "<group>"; };
		301A74B71797C51700CCB95D /* KPStore.m */ = {isa = PBXFileReference; fileEncoding = 4; lastKnownFileType = sourcecode.c.objc; path = KPStore.m; sourceTree = "<group>"; };
		301A74B81797C51700CCB95D /* NSManagedObject+ActiveRecord.h */ = {isa = PBXFileReference; fileEncoding = 4; lastKnownFileType = sourcecode.c.h; path = "NSManagedObject+ActiveRecord.h"; sourceTree = "<group>"; };
		301A74B91797C51700CCB95D /* NSManagedObject+ActiveRecord.m */ = {isa = PBXFileReference; fileEncoding = 4; lastKnownFileType = sourcecode.c.objc; path = "NSManagedObject+ActiveRecord.m"; sourceTree = "<group>"; };
		301A74BC1797C55700CCB95D /* CoreData.framework */ = {isa = PBXFileReference; lastKnownFileType = wrapper.framework; name = CoreData.framework; path = System/Library/Frameworks/CoreData.framework; sourceTree = SDKROOT; };
		30BDBED31797C17A008F0578 /* ExamProject.app */ = {isa = PBXFileReference; explicitFileType = wrapper.application; includeInIndex = 0; path = ExamProject.app; sourceTree = BUILT_PRODUCTS_DIR; };
		30BDBED61797C17A008F0578 /* UIKit.framework */ = {isa = PBXFileReference; lastKnownFileType = wrapper.framework; name = UIKit.framework; path = System/Library/Frameworks/UIKit.framework; sourceTree = SDKROOT; };
		30BDBED81797C17A008F0578 /* Foundation.framework */ = {isa = PBXFileReference; lastKnownFileType = wrapper.framework; name = Foundation.framework; path = System/Library/Frameworks/Foundation.framework; sourceTree = SDKROOT; };
		30BDBEDA1797C17A008F0578 /* CoreGraphics.framework */ = {isa = PBXFileReference; lastKnownFileType = wrapper.framework; name = CoreGraphics.framework; path = System/Library/Frameworks/CoreGraphics.framework; sourceTree = SDKROOT; };
		30BDBEDE1797C17A008F0578 /* ExamProject-Info.plist */ = {isa = PBXFileReference; lastKnownFileType = text.plist.xml; path = "ExamProject-Info.plist"; sourceTree = "<group>"; };
		30BDBEE01797C17A008F0578 /* en */ = {isa = PBXFileReference; lastKnownFileType = text.plist.strings; name = en; path = en.lproj/InfoPlist.strings; sourceTree = "<group>"; };
		30BDBEE21797C17A008F0578 /* main.m */ = {isa = PBXFileReference; lastKnownFileType = sourcecode.c.objc; path = main.m; sourceTree = "<group>"; };
		30BDBEE41797C17A008F0578 /* ExamProject-Prefix.pch */ = {isa = PBXFileReference; lastKnownFileType = sourcecode.c.h; path = "ExamProject-Prefix.pch"; sourceTree = "<group>"; };
		30BDBEE51797C17A008F0578 /* AppDelegate.h */ = {isa = PBXFileReference; lastKnownFileType = sourcecode.c.h; path = AppDelegate.h; sourceTree = "<group>"; };
		30BDBEE61797C17A008F0578 /* AppDelegate.m */ = {isa = PBXFileReference; lastKnownFileType = sourcecode.c.objc; path = AppDelegate.m; sourceTree = "<group>"; };
		30BDBEE81797C17A008F0578 /* Default.png */ = {isa = PBXFileReference; lastKnownFileType = image.png; path = Default.png; sourceTree = "<group>"; };
		30BDBEEA1797C17A008F0578 /* Default@2x.png */ = {isa = PBXFileReference; lastKnownFileType = image.png; path = "Default@2x.png"; sourceTree = "<group>"; };
		30BDBEEC1797C17A008F0578 /* Default-568h@2x.png */ = {isa = PBXFileReference; lastKnownFileType = image.png; path = "Default-568h@2x.png"; sourceTree = "<group>"; };
		30BDBEEE1797C17A008F0578 /* ViewController.h */ = {isa = PBXFileReference; lastKnownFileType = sourcecode.c.h; path = ViewController.h; sourceTree = "<group>"; };
		30BDBEEF1797C17A008F0578 /* ViewController.m */ = {isa = PBXFileReference; lastKnownFileType = sourcecode.c.objc; path = ViewController.m; sourceTree = "<group>"; };
		30BDBEF21797C17A008F0578 /* en */ = {isa = PBXFileReference; lastKnownFileType = file.xib; name = en; path = en.lproj/ViewController.xib; sourceTree = "<group>"; };
/* End PBXFileReference section */

/* Begin PBXFrameworksBuildPhase section */
		30BDBED01797C17A008F0578 /* Frameworks */ = {
			isa = PBXFrameworksBuildPhase;
			buildActionMask = 2147483647;
			files = (
				301A74BD1797C55700CCB95D /* CoreData.framework in Frameworks */,
				30BDBED71797C17A008F0578 /* UIKit.framework in Frameworks */,
				30BDBED91797C17A008F0578 /* Foundation.framework in Frameworks */,
				30BDBEDB1797C17A008F0578 /* CoreGraphics.framework in Frameworks */,
			);
			runOnlyForDeploymentPostprocessing = 0;
		};
/* End PBXFrameworksBuildPhase section */

/* Begin PBXGroup section */
		301A74B11797C30600CCB95D /* CustomTabBar */ = {
			isa = PBXGroup;
			children = (
				301A74B21797C30600CCB95D /* CustomTabBarController.h */,
				301A74B31797C30600CCB95D /* CustomTabBarController.m */,
			);
			path = CustomTabBar;
			sourceTree = "<group>";
		};
		301A74B51797C51700CCB95D /* KPStore */ = {
			isa = PBXGroup;
			children = (
				301A74B61797C51700CCB95D /* KPStore.h */,
				301A74B71797C51700CCB95D /* KPStore.m */,
				301A74B81797C51700CCB95D /* NSManagedObject+ActiveRecord.h */,
				301A74B91797C51700CCB95D /* NSManagedObject+ActiveRecord.m */,
			);
			path = KPStore;
			sourceTree = "<group>";
		};
		30BDBECA1797C17A008F0578 = {
			isa = PBXGroup;
			children = (
				30BDBEDC1797C17A008F0578 /* ExamProject */,
				30BDBED51797C17A008F0578 /* Frameworks */,
				30BDBED41797C17A008F0578 /* Products */,
			);
			sourceTree = "<group>";
		};
		30BDBED41797C17A008F0578 /* Products */ = {
			isa = PBXGroup;
			children = (
				30BDBED31797C17A008F0578 /* ExamProject.app */,
			);
			name = Products;
			sourceTree = "<group>";
		};
		30BDBED51797C17A008F0578 /* Frameworks */ = {
			isa = PBXGroup;
			children = (
				301A74BC1797C55700CCB95D /* CoreData.framework */,
				30BDBED61797C17A008F0578 /* UIKit.framework */,
				30BDBED81797C17A008F0578 /* Foundation.framework */,
				30BDBEDA1797C17A008F0578 /* CoreGraphics.framework */,
			);
			name = Frameworks;
			sourceTree = "<group>";
		};
		30BDBEDC1797C17A008F0578 /* ExamProject */ = {
			isa = PBXGroup;
			children = (
				301A74B51797C51700CCB95D /* KPStore */,
				301A74B11797C30600CCB95D /* CustomTabBar */,
				30BDBEE51797C17A008F0578 /* AppDelegate.h */,
				30BDBEE61797C17A008F0578 /* AppDelegate.m */,
				30BDBEEE1797C17A008F0578 /* ViewController.h */,
				30BDBEEF1797C17A008F0578 /* ViewController.m */,
				30BDBEF11797C17A008F0578 /* ViewController.xib */,
				30BDBEDD1797C17A008F0578 /* Supporting Files */,
			);
			path = ExamProject;
			sourceTree = "<group>";
		};
		30BDBEDD1797C17A008F0578 /* Supporting Files */ = {
			isa = PBXGroup;
			children = (
				30BDBEDE1797C17A008F0578 /* ExamProject-Info.plist */,
				30BDBEDF1797C17A008F0578 /* InfoPlist.strings */,
				30BDBEE21797C17A008F0578 /* main.m */,
				30BDBEE41797C17A008F0578 /* ExamProject-Prefix.pch */,
				30BDBEE81797C17A008F0578 /* Default.png */,
				30BDBEEA1797C17A008F0578 /* Default@2x.png */,
				30BDBEEC1797C17A008F0578 /* Default-568h@2x.png */,
			);
			name = "Supporting Files";
			sourceTree = "<group>";
		};
/* End PBXGroup section */

/* Begin PBXNativeTarget section */
		30BDBED21797C17A008F0578 /* ExamProject */ = {
			isa = PBXNativeTarget;
			buildConfigurationList = 30BDBEF61797C17A008F0578 /* Build configuration list for PBXNativeTarget "ExamProject" */;
			buildPhases = (
				30BDBECF1797C17A008F0578 /* Sources */,
				30BDBED01797C17A008F0578 /* Frameworks */,
				30BDBED11797C17A008F0578 /* Resources */,
			);
			buildRules = (
			);
			dependencies = (
			);
			name = ExamProject;
			productName = ExamProject;
			productReference = 30BDBED31797C17A008F0578 /* ExamProject.app */;
			productType = "com.apple.product-type.application";
		};
/* End PBXNativeTarget section */

/* Begin PBXProject section */
		30BDBECB1797C17A008F0578 /* Project object */ = {
			isa = PBXProject;
			attributes = {
				LastUpgradeCheck = 0460;
				ORGANIZATIONNAME = "Magic Song";
			};
			buildConfigurationList = 30BDBECE1797C17A008F0578 /* Build configuration list for PBXProject "ExamProject" */;
			compatibilityVersion = "Xcode 3.2";
			developmentRegion = English;
			hasScannedForEncodings = 0;
			knownRegions = (
				en,
			);
			mainGroup = 30BDBECA1797C17A008F0578;
			productRefGroup = 30BDBED41797C17A008F0578 /* Products */;
			projectDirPath = "";
			projectRoot = "";
			targets = (
				30BDBED21797C17A008F0578 /* ExamProject */,
			);
		};
/* End PBXProject section */

/* Begin PBXResourcesBuildPhase section */
		30BDBED11797C17A008F0578 /* Resources */ = {
			isa = PBXResourcesBuildPhase;
			buildActionMask = 2147483647;
			files = (
				30BDBEE11797C17A008F0578 /* InfoPlist.strings in Resources */,
				30BDBEE91797C17A008F0578 /* Default.png in Resources */,
				30BDBEEB1797C17A008F0578 /* Default@2x.png in Resources */,
				30BDBEED1797C17A008F0578 /* Default-568h@2x.png in Resources */,
				30BDBEF31797C17A008F0578 /* ViewController.xib in Resources */,
			);
			runOnlyForDeploymentPostprocessing = 0;
		};
/* End PBXResourcesBuildPhase section */

/* Begin PBXSourcesBuildPhase section */
		30BDBECF1797C17A008F0578 /* Sources */ = {
			isa = PBXSourcesBuildPhase;
			buildActionMask = 2147483647;
			files = (
				301A74BA1797C51700CCB95D /* KPStore.m in Sources */,
				30BDBEE31797C17A008F0578 /* main.m in Sources */,
				301A74BB1797C51700CCB95D /* NSManagedObject+ActiveRecord.m in Sources */,
				30BDBEE71797C17A008F0578 /* AppDelegate.m in Sources */,
				301A74B41797C30600CCB95D /* CustomTabBarController.m in Sources */,
				30BDBEF01797C17A008F0578 /* ViewController.m in Sources */,
			);
			runOnlyForDeploymentPostprocessing = 0;
		};
/* End PBXSourcesBuildPhase section */

/* Begin PBXVariantGroup section */
		30BDBEDF1797C17A008F0578 /* InfoPlist.strings */ = {
			isa = PBXVariantGroup;
			children = (
				30BDBEE01797C17A008F0578 /* en */,
			);
			name = InfoPlist.strings;
			sourceTree = "<group>";
		};
		30BDBEF11797C17A008F0578 /* ViewController.xib */ = {
			isa = PBXVariantGroup;
			children = (
				30BDBEF21797C17A008F0578 /* en */,
			);
			name = ViewController.xib;
			sourceTree = "<group>";
		};
/* End PBXVariantGroup section */

/* Begin XCBuildConfiguration section */
		30BDBEF41797C17A008F0578 /* Debug */ = {
			isa = XCBuildConfiguration;
			buildSettings = {
				ALWAYS_SEARCH_USER_PATHS = NO;
				CLANG_CXX_LANGUAGE_STANDARD = "gnu++0x";
				CLANG_CXX_LIBRARY = "libc++";
				CLANG_WARN_CONSTANT_CONVERSION = YES;
				CLANG_WARN_EMPTY_BODY = YES;
				CLANG_WARN_ENUM_CONVERSION = YES;
				CLANG_WARN_INT_CONVERSION = YES;
				CLANG_WARN__DUPLICATE_METHOD_MATCH = YES;
				"CODE_SIGN_IDENTITY[sdk=iphoneos*]" = "iPhone Developer";
				COPY_PHASE_STRIP = NO;
				GCC_C_LANGUAGE_STANDARD = gnu99;
				GCC_DYNAMIC_NO_PIC = NO;
				GCC_OPTIMIZATION_LEVEL = 0;
				GCC_PREPROCESSOR_DEFINITIONS = (
					"DEBUG=1",
					"$(inherited)",
				);
				GCC_SYMBOLS_PRIVATE_EXTERN = NO;
				GCC_WARN_ABOUT_RETURN_TYPE = YES;
				GCC_WARN_UNINITIALIZED_AUTOS = YES;
				GCC_WARN_UNUSED_VARIABLE = YES;
				IPHONEOS_DEPLOYMENT_TARGET = 5.1;
				ONLY_ACTIVE_ARCH = YES;
				SDKROOT = iphoneos;
			};
			name = Debug;
		};
		30BDBEF51797C17A008F0578 /* Release */ = {
			isa = XCBuildConfiguration;
			buildSettings = {
				ALWAYS_SEARCH_USER_PATHS = NO;
				CLANG_CXX_LANGUAGE_STANDARD = "gnu++0x";
				CLANG_CXX_LIBRARY = "libc++";
				CLANG_WARN_CONSTANT_CONVERSION = YES;
				CLANG_WARN_EMPTY_BODY = YES;
				CLANG_WARN_ENUM_CONVERSION = YES;
				CLANG_WARN_INT_CONVERSION = YES;
				CLANG_WARN__DUPLICATE_METHOD_MATCH = YES;
				"CODE_SIGN_IDENTITY[sdk=iphoneos*]" = "iPhone Developer";
				COPY_PHASE_STRIP = YES;
				GCC_C_LANGUAGE_STANDARD = gnu99;
				GCC_WARN_ABOUT_RETURN_TYPE = YES;
				GCC_WARN_UNINITIALIZED_AUTOS = YES;
				GCC_WARN_UNUSED_VARIABLE = YES;
				IPHONEOS_DEPLOYMENT_TARGET = 5.1;
				OTHER_CFLAGS = "-DNS_BLOCK_ASSERTIONS=1";
				SDKROOT = iphoneos;
				VALIDATE_PRODUCT = YES;
			};
			name = Release;
		};
		30BDBEF71797C17A008F0578 /* Debug */ = {
			isa = XCBuildConfiguration;
			buildSettings = {
				GCC_PRECOMPILE_PREFIX_HEADER = YES;
				GCC_PREFIX_HEADER = "ExamProject/ExamProject-Prefix.pch";
				INFOPLIST_FILE = "ExamProject/ExamProject-Info.plist";
				PRODUCT_NAME = "$(TARGET_NAME)";
				WRAPPER_EXTENSION = app;
			};
			name = Debug;
		};
		30BDBEF81797C17A008F0578 /* Release */ = {
			isa = XCBuildConfiguration;
			buildSettings = {
				GCC_PRECOMPILE_PREFIX_HEADER = YES;
				GCC_PREFIX_HEADER = "ExamProject/ExamProject-Prefix.pch";
				INFOPLIST_FILE = "ExamProject/ExamProject-Info.plist";
				PRODUCT_NAME = "$(TARGET_NAME)";
				WRAPPER_EXTENSION = app;
			};
			name = Release;
		};
/* End XCBuildConfiguration section */

/* Begin XCConfigurationList section */
		30BDBECE1797C17A008F0578 /* Build configuration list for PBXProject "ExamProject" */ = {
			isa = XCConfigurationList;
			buildConfigurations = (
				30BDBEF41797C17A008F0578 /* Debug */,
				30BDBEF51797C17A008F0578 /* Release */,
			);
			defaultConfigurationIsVisible = 0;
			defaultConfigurationName = Release;
		};
		30BDBEF61797C17A008F0578 /* Build configuration list for PBXNativeTarget "ExamProject" */ = {
			isa = XCConfigurationList;
			buildConfigurations = (
				30BDBEF71797C17A008F0578 /* Debug */,
				30BDBEF81797C17A008F0578 /* Release */,
			);
			defaultConfigurationIsVisible = 0;
			defaultConfigurationName = Release;
		};
/* End XCConfigurationList section */
	};
	rootObject = 30BDBECB1797C17A008F0578 /* Project object */;
}
